
Microsoft Visual Studio Solution File, Format Version 12.00
# Visual Studio Version 16
VisualStudioVersion = 16.0.31321.278
MinimumVisualStudioVersion = 10.0.40219.1
Project("{FAE04EC0-301F-11D3-BF4B-00C04F79EFBC}") = "AutoAirLock", "AutoAirLock\AutoAirLock.csproj", "{84E3B9CA-E068-4391-B4EC-1CAECED7F376}"
EndProject
Global
	GlobalSection(SolutionConfigurationPlatforms) = preSolution
		Debug|x64 = Debug|x64
	EndGlobalSection
	GlobalSection(ProjectConfigurationPlatforms) = postSolution
		{84E3B9CA-E068-4391-B4EC-1CAECED7F376}.Debug|x64.ActiveCfg = Debug|x64
		{84E3B9CA-E068-4391-B4EC-1CAECED7F376}.Debug|x64.Build.0 = Debug|x64
	EndGlobalSection
	GlobalSection(SolutionProperties) = preSolution
		HideSolutionNode = FALSE
	EndGlobalSection
	GlobalSection(ExtensibilityGlobals) = postSolution
		SolutionGuid = {2C8815E0-1E5A-4AFF-A857-3C1B420FE695}
	EndGlobalSection
EndGlobal
